// !$*UTF8*$!
{
	archiveVersion = 1;
	classes = {
	};
	objectVersion = 56;
	objects = {

/* Begin PBXBuildFile section */
		1E8FC30B29E6FC3200374652 /* AppDelegate.swift in Sources */ = {isa = PBXBuildFile; fileRef = 1E8FC30A29E6FC3200374652 /* AppDelegate.swift */; };
		1E8FC30D29E6FC3200374652 /* SceneDelegate.swift in Sources */ = {isa = PBXBuildFile; fileRef = 1E8FC30C29E6FC3200374652 /* SceneDelegate.swift */; };
		1E8FC30F29E6FC3200374652 /* WatchListViewController.swift in Sources */ = {isa = PBXBuildFile; fileRef = 1E8FC30E29E6FC3200374652 /* WatchListViewController.swift */; };
		1E8FC31429E6FC3D00374652 /* Assets.xcassets in Resources */ = {isa = PBXBuildFile; fileRef = 1E8FC31329E6FC3D00374652 /* Assets.xcassets */; };
		1E8FC31729E6FC3D00374652 /* LaunchScreen.storyboard in Resources */ = {isa = PBXBuildFile; fileRef = 1E8FC31529E6FC3D00374652 /* LaunchScreen.storyboard */; };
		1E8FC32429E6FDAB00374652 /* TopStoriesNewsViewController.swift in Sources */ = {isa = PBXBuildFile; fileRef = 1E8FC32329E6FDAB00374652 /* TopStoriesNewsViewController.swift */; };
		1E8FC32629E6FDF700374652 /* SearchResultsViewController.swift in Sources */ = {isa = PBXBuildFile; fileRef = 1E8FC32529E6FDF700374652 /* SearchResultsViewController.swift */; };
		1E8FC32829E6FE1B00374652 /* StockDetailsViewController.swift in Sources */ = {isa = PBXBuildFile; fileRef = 1E8FC32729E6FE1B00374652 /* StockDetailsViewController.swift */; };
		1E8FC32A29E7003700374652 /* APICaller.swift in Sources */ = {isa = PBXBuildFile; fileRef = 1E8FC32929E7003700374652 /* APICaller.swift */; };
		1E8FC32C29E7005E00374652 /* PersisteceManager.swift in Sources */ = {isa = PBXBuildFile; fileRef = 1E8FC32B29E7005E00374652 /* PersisteceManager.swift */; };
		1E8FC32E29E7008300374652 /* HapticsManager.swift in Sources */ = {isa = PBXBuildFile; fileRef = 1E8FC32D29E7008300374652 /* HapticsManager.swift */; };
		1E9B002C29ED94D200DD139E /* Extensions.swift in Sources */ = {isa = PBXBuildFile; fileRef = 1E9B002B29ED94D200DD139E /* Extensions.swift */; };
		1E9B002E29F038BA00DD139E /* SearchResultTableViewCell.swift in Sources */ = {isa = PBXBuildFile; fileRef = 1E9B002D29F038BA00DD139E /* SearchResultTableViewCell.swift */; };
/* End PBXBuildFile section */

/* Begin PBXFileReference section */
		1E8FC30729E6FC3200374652 /* Stocks.app */ = {isa = PBXFileReference; explicitFileType = wrapper.application; includeInIndex = 0; path = Stocks.app; sourceTree = BUILT_PRODUCTS_DIR; };
		1E8FC30A29E6FC3200374652 /* AppDelegate.swift */ = {isa = PBXFileReference; lastKnownFileType = sourcecode.swift; path = AppDelegate.swift; sourceTree = "<group>"; };
		1E8FC30C29E6FC3200374652 /* SceneDelegate.swift */ = {isa = PBXFileReference; lastKnownFileType = sourcecode.swift; path = SceneDelegate.swift; sourceTree = "<group>"; };
		1E8FC30E29E6FC3200374652 /* WatchListViewController.swift */ = {isa = PBXFileReference; lastKnownFileType = sourcecode.swift; path = WatchListViewController.swift; sourceTree = "<group>"; };
		1E8FC31329E6FC3D00374652 /* Assets.xcassets */ = {isa = PBXFileReference; lastKnownFileType = folder.assetcatalog; path = Assets.xcassets; sourceTree = "<group>"; };
		1E8FC31629E6FC3D00374652 /* Base */ = {isa = PBXFileReference; lastKnownFileType = file.storyboard; name = Base; path = Base.lproj/LaunchScreen.storyboard; sourceTree = "<group>"; };
		1E8FC31829E6FC3D00374652 /* Info.plist */ = {isa = PBXFileReference; lastKnownFileType = text.plist.xml; path = Info.plist; sourceTree = "<group>"; };
		1E8FC32329E6FDAB00374652 /* TopStoriesNewsViewController.swift */ = {isa = PBXFileReference; lastKnownFileType = sourcecode.swift; path = TopStoriesNewsViewController.swift; sourceTree = "<group>"; };
		1E8FC32529E6FDF700374652 /* SearchResultsViewController.swift */ = {isa = PBXFileReference; lastKnownFileType = sourcecode.swift; path = SearchResultsViewController.swift; sourceTree = "<group>"; };
		1E8FC32729E6FE1B00374652 /* StockDetailsViewController.swift */ = {isa = PBXFileReference; lastKnownFileType = sourcecode.swift; path = StockDetailsViewController.swift; sourceTree = "<group>"; };
		1E8FC32929E7003700374652 /* APICaller.swift */ = {isa = PBXFileReference; lastKnownFileType = sourcecode.swift; path = APICaller.swift; sourceTree = "<group>"; };
		1E8FC32B29E7005E00374652 /* PersisteceManager.swift */ = {isa = PBXFileReference; lastKnownFileType = sourcecode.swift; path = PersisteceManager.swift; sourceTree = "<group>"; };
		1E8FC32D29E7008300374652 /* HapticsManager.swift */ = {isa = PBXFileReference; lastKnownFileType = sourcecode.swift; path = HapticsManager.swift; sourceTree = "<group>"; };
		1E9B002B29ED94D200DD139E /* Extensions.swift */ = {isa = PBXFileReference; lastKnownFileType = sourcecode.swift; path = Extensions.swift; sourceTree = "<group>"; };
		1E9B002D29F038BA00DD139E /* SearchResultTableViewCell.swift */ = {isa = PBXFileReference; lastKnownFileType = sourcecode.swift; path = SearchResultTableViewCell.swift; sourceTree = "<group>"; };
/* End PBXFileReference section */

/* Begin PBXFrameworksBuildPhase section */
		1E8FC30429E6FC3200374652 /* Frameworks */ = {
			isa = PBXFrameworksBuildPhase;
			buildActionMask = 2147483647;
			files = (
			);
			runOnlyForDeploymentPostprocessing = 0;
		};
/* End PBXFrameworksBuildPhase section */

/* Begin PBXGroup section */
		1E8FC2FE29E6FC3200374652 = {
			isa = PBXGroup;
			children = (
				1E8FC30929E6FC3200374652 /* Stocks */,
				1E8FC30829E6FC3200374652 /* Products */,
			);
			sourceTree = "<group>";
		};
		1E8FC30829E6FC3200374652 /* Products */ = {
			isa = PBXGroup;
			children = (
				1E8FC30729E6FC3200374652 /* Stocks.app */,
			);
			name = Products;
			sourceTree = "<group>";
		};
		1E8FC30929E6FC3200374652 /* Stocks */ = {
			isa = PBXGroup;
			children = (
				1E8FC32129E6FCA200374652 /* Other */,
				1E8FC32029E6FC9700374652 /* Managers */,
				1E8FC32229E6FCD200374652 /* Controllers */,
				1E8FC31F29E6FC8800374652 /* Views */,
				1E8FC31E29E6FC7C00374652 /* Models */,
				1E8FC31829E6FC3D00374652 /* Info.plist */,
			);
			path = Stocks;
			sourceTree = "<group>";
		};
		1E8FC31E29E6FC7C00374652 /* Models */ = {
			isa = PBXGroup;
			children = (
			);
			path = Models;
			sourceTree = "<group>";
		};
		1E8FC31F29E6FC8800374652 /* Views */ = {
			isa = PBXGroup;
			children = (
				1E9B002D29F038BA00DD139E /* SearchResultTableViewCell.swift */,
				1E8FC31529E6FC3D00374652 /* LaunchScreen.storyboard */,
			);
			path = Views;
			sourceTree = "<group>";
		};
		1E8FC32029E6FC9700374652 /* Managers */ = {
			isa = PBXGroup;
			children = (
				1E8FC32929E7003700374652 /* APICaller.swift */,
				1E8FC32B29E7005E00374652 /* PersisteceManager.swift */,
				1E8FC32D29E7008300374652 /* HapticsManager.swift */,
			);
			path = Managers;
			sourceTree = "<group>";
		};
		1E8FC32129E6FCA200374652 /* Other */ = {
			isa = PBXGroup;
			children = (
				1E8FC31329E6FC3D00374652 /* Assets.xcassets */,
				1E8FC30A29E6FC3200374652 /* AppDelegate.swift */,
				1E8FC30C29E6FC3200374652 /* SceneDelegate.swift */,
				1E9B002B29ED94D200DD139E /* Extensions.swift */,
			);
			path = Other;
			sourceTree = "<group>";
		};
		1E8FC32229E6FCD200374652 /* Controllers */ = {
			isa = PBXGroup;
			children = (
				1E8FC30E29E6FC3200374652 /* WatchListViewController.swift */,
				1E8FC32329E6FDAB00374652 /* TopStoriesNewsViewController.swift */,
				1E8FC32529E6FDF700374652 /* SearchResultsViewController.swift */,
				1E8FC32729E6FE1B00374652 /* StockDetailsViewController.swift */,
			);
			path = Controllers;
			sourceTree = "<group>";
		};
/* End PBXGroup section */

/* Begin PBXNativeTarget section */
		1E8FC30629E6FC3200374652 /* Stocks */ = {
			isa = PBXNativeTarget;
			buildConfigurationList = 1E8FC31B29E6FC3D00374652 /* Build configuration list for PBXNativeTarget "Stocks" */;
			buildPhases = (
				1E8FC30329E6FC3200374652 /* Sources */,
				1E8FC30429E6FC3200374652 /* Frameworks */,
				1E8FC30529E6FC3200374652 /* Resources */,
			);
			buildRules = (
			);
			dependencies = (
			);
			name = Stocks;
			productName = Stocks;
			productReference = 1E8FC30729E6FC3200374652 /* Stocks.app */;
			productType = "com.apple.product-type.application";
		};
/* End PBXNativeTarget section */

/* Begin PBXProject section */
		1E8FC2FF29E6FC3200374652 /* Project object */ = {
			isa = PBXProject;
			attributes = {
				BuildIndependentTargetsInParallel = 1;
				LastSwiftUpdateCheck = 1420;
				LastUpgradeCheck = 1420;
				TargetAttributes = {
					1E8FC30629E6FC3200374652 = {
						CreatedOnToolsVersion = 14.2;
					};
				};
			};
			buildConfigurationList = 1E8FC30229E6FC3200374652 /* Build configuration list for PBXProject "Stocks" */;
			compatibilityVersion = "Xcode 14.0";
			developmentRegion = en;
			hasScannedForEncodings = 0;
			knownRegions = (
				en,
				Base,
			);
			mainGroup = 1E8FC2FE29E6FC3200374652;
			productRefGroup = 1E8FC30829E6FC3200374652 /* Products */;
			projectDirPath = "";
			projectRoot = "";
			targets = (
				1E8FC30629E6FC3200374652 /* Stocks */,
			);
		};
/* End PBXProject section */

/* Begin PBXResourcesBuildPhase section */
		1E8FC30529E6FC3200374652 /* Resources */ = {
			isa = PBXResourcesBuildPhase;
			buildActionMask = 2147483647;
			files = (
				1E8FC31729E6FC3D00374652 /* LaunchScreen.storyboard in Resources */,
				1E8FC31429E6FC3D00374652 /* Assets.xcassets in Resources */,
			);
			runOnlyForDeploymentPostprocessing = 0;
		};
/* End PBXResourcesBuildPhase section */

/* Begin PBXSourcesBuildPhase section */
		1E8FC30329E6FC3200374652 /* Sources */ = {
			isa = PBXSourcesBuildPhase;
			buildActionMask = 2147483647;
			files = (
				1E8FC32E29E7008300374652 /* HapticsManager.swift in Sources */,
				1E9B002E29F038BA00DD139E /* SearchResultTableViewCell.swift in Sources */,
				1E8FC32829E6FE1B00374652 /* StockDetailsViewController.swift in Sources */,
				1E8FC30F29E6FC3200374652 /* WatchListViewController.swift in Sources */,
				1E8FC32429E6FDAB00374652 /* TopStoriesNewsViewController.swift in Sources */,
				1E8FC32A29E7003700374652 /* APICaller.swift in Sources */,
				1E9B002C29ED94D200DD139E /* Extensions.swift in Sources */,
				1E8FC32C29E7005E00374652 /* PersisteceManager.swift in Sources */,
				1E8FC30B29E6FC3200374652 /* AppDelegate.swift in Sources */,
				1E8FC32629E6FDF700374652 /* SearchResultsViewController.swift in Sources */,
				1E8FC30D29E6FC3200374652 /* SceneDelegate.swift in Sources */,
			);
			runOnlyForDeploymentPostprocessing = 0;
		};
/* End PBXSourcesBuildPhase section */

/* Begin PBXVariantGroup section */
		1E8FC31529E6FC3D00374652 /* LaunchScreen.storyboard */ = {
			isa = PBXVariantGroup;
			children = (
				1E8FC31629E6FC3D00374652 /* Base */,
			);
			name = LaunchScreen.storyboard;
			sourceTree = "<group>";
		};
/* End PBXVariantGroup section */

/* Begin XCBuildConfiguration section */
		1E8FC31929E6FC3D00374652 /* Debug */ = {
			isa = XCBuildConfiguration;
			buildSettings = {
				ALWAYS_SEARCH_USER_PATHS = NO;
				CLANG_ANALYZER_NONNULL = YES;
				CLANG_ANALYZER_NUMBER_OBJECT_CONVERSION = YES_AGGRESSIVE;
				CLANG_CXX_LANGUAGE_STANDARD = "gnu++20";
				CLANG_ENABLE_MODULES = YES;
				CLANG_ENABLE_OBJC_ARC = YES;
				CLANG_ENABLE_OBJC_WEAK = YES;
				CLANG_WARN_BLOCK_CAPTURE_AUTORELEASING = YES;
				CLANG_WARN_BOOL_CONVERSION = YES;
				CLANG_WARN_COMMA = YES;
				CLANG_WARN_CONSTANT_CONVERSION = YES;
				CLANG_WARN_DEPRECATED_OBJC_IMPLEMENTATIONS = YES;
				CLANG_WARN_DIRECT_OBJC_ISA_USAGE = YES_ERROR;
				CLANG_WARN_DOCUMENTATION_COMMENTS = YES;
				CLANG_WARN_EMPTY_BODY = YES;
				CLANG_WARN_ENUM_CONVERSION = YES;
				CLANG_WARN_INFINITE_RECURSION = YES;
				CLANG_WARN_INT_CONVERSION = YES;
				CLANG_WARN_NON_LITERAL_NULL_CONVERSION = YES;
				CLANG_WARN_OBJC_IMPLICIT_RETAIN_SELF = YES;
				CLANG_WARN_OBJC_LITERAL_CONVERSION = YES;
				CLANG_WARN_OBJC_ROOT_CLASS = YES_ERROR;
				CLANG_WARN_QUOTED_INCLUDE_IN_FRAMEWORK_HEADER = YES;
				CLANG_WARN_RANGE_LOOP_ANALYSIS = YES;
				CLANG_WARN_STRICT_PROTOTYPES = YES;
				CLANG_WARN_SUSPICIOUS_MOVE = YES;
				CLANG_WARN_UNGUARDED_AVAILABILITY = YES_AGGRESSIVE;
				CLANG_WARN_UNREACHABLE_CODE = YES;
				CLANG_WARN__DUPLICATE_METHOD_MATCH = YES;
				COPY_PHASE_STRIP = NO;
				DEBUG_INFORMATION_FORMAT = dwarf;
				ENABLE_STRICT_OBJC_MSGSEND = YES;
				ENABLE_TESTABILITY = YES;
				GCC_C_LANGUAGE_STANDARD = gnu11;
				GCC_DYNAMIC_NO_PIC = NO;
				GCC_NO_COMMON_BLOCKS = YES;
				GCC_OPTIMIZATION_LEVEL = 0;
				GCC_PREPROCESSOR_DEFINITIONS = (
					"DEBUG=1",
					"$(inherited)",
				);
				GCC_WARN_64_TO_32_BIT_CONVERSION = YES;
				GCC_WARN_ABOUT_RETURN_TYPE = YES_ERROR;
				GCC_WARN_UNDECLARED_SELECTOR = YES;
				GCC_WARN_UNINITIALIZED_AUTOS = YES_AGGRESSIVE;
				GCC_WARN_UNUSED_FUNCTION = YES;
				GCC_WARN_UNUSED_VARIABLE = YES;
				IPHONEOS_DEPLOYMENT_TARGET = 16.2;
				MTL_ENABLE_DEBUG_INFO = INCLUDE_SOURCE;
				MTL_FAST_MATH = YES;
				ONLY_ACTIVE_ARCH = YES;
				SDKROOT = iphoneos;
				SWIFT_ACTIVE_COMPILATION_CONDITIONS = DEBUG;
				SWIFT_OPTIMIZATION_LEVEL = "-Onone";
			};
			name = Debug;
		};
		1E8FC31A29E6FC3D00374652 /* Release */ = {
			isa = XCBuildConfiguration;
			buildSettings = {
				ALWAYS_SEARCH_USER_PATHS = NO;
				CLANG_ANALYZER_NONNULL = YES;
				CLANG_ANALYZER_NUMBER_OBJECT_CONVERSION = YES_AGGRESSIVE;
				CLANG_CXX_LANGUAGE_STANDARD = "gnu++20";
				CLANG_ENABLE_MODULES = YES;
				CLANG_ENABLE_OBJC_ARC = YES;
				CLANG_ENABLE_OBJC_WEAK = YES;
				CLANG_WARN_BLOCK_CAPTURE_AUTORELEASING = YES;
				CLANG_WARN_BOOL_CONVERSION = YES;
				CLANG_WARN_COMMA = YES;
				CLANG_WARN_CONSTANT_CONVERSION = YES;
				CLANG_WARN_DEPRECATED_OBJC_IMPLEMENTATIONS = YES;
				CLANG_WARN_DIRECT_OBJC_ISA_USAGE = YES_ERROR;
				CLANG_WARN_DOCUMENTATION_COMMENTS = YES;
				CLANG_WARN_EMPTY_BODY = YES;
				CLANG_WARN_ENUM_CONVERSION = YES;
				CLANG_WARN_INFINITE_RECURSION = YES;
				CLANG_WARN_INT_CONVERSION = YES;
				CLANG_WARN_NON_LITERAL_NULL_CONVERSION = YES;
				CLANG_WARN_OBJC_IMPLICIT_RETAIN_SELF = YES;
				CLANG_WARN_OBJC_LITERAL_CONVERSION = YES;
				CLANG_WARN_OBJC_ROOT_CLASS = YES_ERROR;
				CLANG_WARN_QUOTED_INCLUDE_IN_FRAMEWORK_HEADER = YES;
				CLANG_WARN_RANGE_LOOP_ANALYSIS = YES;
				CLANG_WARN_STRICT_PROTOTYPES = YES;
				CLANG_WARN_SUSPICIOUS_MOVE = YES;
				CLANG_WARN_UNGUARDED_AVAILABILITY = YES_AGGRESSIVE;
				CLANG_WARN_UNREACHABLE_CODE = YES;
				CLANG_WARN__DUPLICATE_METHOD_MATCH = YES;
				COPY_PHASE_STRIP = NO;
				DEBUG_INFORMATION_FORMAT = "dwarf-with-dsym";
				ENABLE_NS_ASSERTIONS = NO;
				ENABLE_STRICT_OBJC_MSGSEND = YES;
				GCC_C_LANGUAGE_STANDARD = gnu11;
				GCC_NO_COMMON_BLOCKS = YES;
				GCC_WARN_64_TO_32_BIT_CONVERSION = YES;
				GCC_WARN_ABOUT_RETURN_TYPE = YES_ERROR;
				GCC_WARN_UNDECLARED_SELECTOR = YES;
				GCC_WARN_UNINITIALIZED_AUTOS = YES_AGGRESSIVE;
				GCC_WARN_UNUSED_FUNCTION = YES;
				GCC_WARN_UNUSED_VARIABLE = YES;
				IPHONEOS_DEPLOYMENT_TARGET = 16.2;
				MTL_ENABLE_DEBUG_INFO = NO;
				MTL_FAST_MATH = YES;
				SDKROOT = iphoneos;
				SWIFT_COMPILATION_MODE = wholemodule;
				SWIFT_OPTIMIZATION_LEVEL = "-O";
				VALIDATE_PRODUCT = YES;
			};
			name = Release;
		};
		1E8FC31C29E6FC3D00374652 /* Debug */ = {
			isa = XCBuildConfiguration;
			buildSettings = {
				ASSETCATALOG_COMPILER_APPICON_NAME = AppIcon;
				ASSETCATALOG_COMPILER_GLOBAL_ACCENT_COLOR_NAME = AccentColor;
				CODE_SIGN_STYLE = Automatic;
				CURRENT_PROJECT_VERSION = 1;
				GENERATE_INFOPLIST_FILE = YES;
				INFOPLIST_FILE = Stocks/Info.plist;
				INFOPLIST_KEY_UIApplicationSupportsIndirectInputEvents = YES;
				INFOPLIST_KEY_UILaunchStoryboardName = LaunchScreen;
				INFOPLIST_KEY_UISupportedInterfaceOrientations_iPad = "UIInterfaceOrientationPortrait UIInterfaceOrientationPortraitUpsideDown UIInterfaceOrientationLandscapeLeft UIInterfaceOrientationLandscapeRight";
				INFOPLIST_KEY_UISupportedInterfaceOrientations_iPhone = "UIInterfaceOrientationPortrait UIInterfaceOrientationLandscapeLeft UIInterfaceOrientationLandscapeRight";
				IPHONEOS_DEPLOYMENT_TARGET = 13.0;
				LD_RUNPATH_SEARCH_PATHS = (
					"$(inherited)",
					"@executable_path/Frameworks",
				);
				MARKETING_VERSION = 1.0;
				PRODUCT_BUNDLE_IDENTIFIER = ihanCarlos.Stocks;
				PRODUCT_NAME = "$(TARGET_NAME)";
				SUPPORTED_PLATFORMS = "iphoneos iphonesimulator";
				SUPPORTS_MACCATALYST = NO;
				SUPPORTS_MAC_DESIGNED_FOR_IPHONE_IPAD = NO;
				SWIFT_EMIT_LOC_STRINGS = YES;
				SWIFT_VERSION = 5.0;
				TARGETED_DEVICE_FAMILY = 1;
			};
			name = Debug;
		};
		1E8FC31D29E6FC3D00374652 /* Release */ = {
			isa = XCBuildConfiguration;
			buildSettings = {
				ASSETCATALOG_COMPILER_APPICON_NAME = AppIcon;
				ASSETCATALOG_COMPILER_GLOBAL_ACCENT_COLOR_NAME = AccentColor;
				CODE_SIGN_STYLE = Automatic;
				CURRENT_PROJECT_VERSION = 1;
				GENERATE_INFOPLIST_FILE = YES;
				INFOPLIST_FILE = Stocks/Info.plist;
				INFOPLIST_KEY_UIApplicationSupportsIndirectInputEvents = YES;
				INFOPLIST_KEY_UILaunchStoryboardName = LaunchScreen;
				INFOPLIST_KEY_UISupportedInterfaceOrientations_iPad = "UIInterfaceOrientationPortrait UIInterfaceOrientationPortraitUpsideDown UIInterfaceOrientationLandscapeLeft UIInterfaceOrientationLandscapeRight";
				INFOPLIST_KEY_UISupportedInterfaceOrientations_iPhone = "UIInterfaceOrientationPortrait UIInterfaceOrientationLandscapeLeft UIInterfaceOrientationLandscapeRight";
				IPHONEOS_DEPLOYMENT_TARGET = 13.0;
				LD_RUNPATH_SEARCH_PATHS = (
					"$(inherited)",
					"@executable_path/Frameworks",
				);
				MARKETING_VERSION = 1.0;
				PRODUCT_BUNDLE_IDENTIFIER = ihanCarlos.Stocks;
				PRODUCT_NAME = "$(TARGET_NAME)";
				SUPPORTED_PLATFORMS = "iphoneos iphonesimulator";
				SUPPORTS_MACCATALYST = NO;
				SUPPORTS_MAC_DESIGNED_FOR_IPHONE_IPAD = NO;
				SWIFT_EMIT_LOC_STRINGS = YES;
				SWIFT_VERSION = 5.0;
				TARGETED_DEVICE_FAMILY = 1;
			};
			name = Release;
		};
/* End XCBuildConfiguration section */

/* Begin XCConfigurationList section */
		1E8FC30229E6FC3200374652 /* Build configuration list for PBXProject "Stocks" */ = {
			isa = XCConfigurationList;
			buildConfigurations = (
				1E8FC31929E6FC3D00374652 /* Debug */,
				1E8FC31A29E6FC3D00374652 /* Release */,
			);
			defaultConfigurationIsVisible = 0;
			defaultConfigurationName = Release;
		};
		1E8FC31B29E6FC3D00374652 /* Build configuration list for PBXNativeTarget "Stocks" */ = {
			isa = XCConfigurationList;
			buildConfigurations = (
				1E8FC31C29E6FC3D00374652 /* Debug */,
				1E8FC31D29E6FC3D00374652 /* Release */,
			);
			defaultConfigurationIsVisible = 0;
			defaultConfigurationName = Release;
		};
/* End XCConfigurationList section */
	};
	rootObject = 1E8FC2FF29E6FC3200374652 /* Project object */;
}
